
Microsoft Visual Studio Solution File, Format Version 12.00
# Visual Studio Version 17
VisualStudioVersion = 17.3.32929.385
MinimumVisualStudioVersion = 10.0.40219.1
Project("{FAE04EC0-301F-11D3-BF4B-00C04F79EFBC}") = "CafeLib.dll", "CafeLib.dll.csproj", "{FFF86D49-AD2D-45C3-A269-D7DC2686FCBA}"
EndProject
Global
	GlobalSection(SolutionConfigurationPlatforms) = preSolution
		Debug|Any CPU = Debug|Any CPU
		Release|Any CPU = Release|Any CPU
	EndGlobalSection
	GlobalSection(ProjectConfigurationPlatforms) = postSolution
		{FFF86D49-AD2D-45C3-A269-D7DC2686FCBA}.Debug|Any CPU.ActiveCfg = Debug|Any CPU
		{FFF86D49-AD2D-45C3-A269-D7DC2686FCBA}.Debug|Any CPU.Build.0 = Debug|Any CPU
		{FFF86D49-AD2D-45C3-A269-D7DC2686FCBA}.Release|Any CPU.ActiveCfg = Release|Any CPU
		{FFF86D49-AD2D-45C3-A269-D7DC2686FCBA}.Release|Any CPU.Build.0 = Release|Any CPU
	EndGlobalSection
	GlobalSection(SolutionProperties) = preSolution
		HideSolutionNode = FALSE
	EndGlobalSection
	GlobalSection(ExtensibilityGlobals) = postSolution
		SolutionGuid = {4617D53F-36F5-4519-9032-2133563A4958}
	EndGlobalSection
EndGlobal
