
Microsoft Visual Studio Solution File, Format Version 12.00
# Visual Studio Version 17
VisualStudioVersion = 17.3.32929.385
MinimumVisualStudioVersion = 10.0.40219.1
Project("{FAE04EC0-301F-11D3-BF4B-00C04F79EFBC}") = "UnitTest2_Q14", "UnitTest2_Q14.csproj", "{67603579-A574-44C6-A268-6FDB3C5C840E}"
EndProject
Global
	GlobalSection(SolutionConfigurationPlatforms) = preSolution
		Debug|Any CPU = Debug|Any CPU
		Release|Any CPU = Release|Any CPU
	EndGlobalSection
	GlobalSection(ProjectConfigurationPlatforms) = postSolution
		{67603579-A574-44C6-A268-6FDB3C5C840E}.Debug|Any CPU.ActiveCfg = Debug|Any CPU
		{67603579-A574-44C6-A268-6FDB3C5C840E}.Debug|Any CPU.Build.0 = Debug|Any CPU
		{67603579-A574-44C6-A268-6FDB3C5C840E}.Release|Any CPU.ActiveCfg = Release|Any CPU
		{67603579-A574-44C6-A268-6FDB3C5C840E}.Release|Any CPU.Build.0 = Release|Any CPU
	EndGlobalSection
	GlobalSection(SolutionProperties) = preSolution
		HideSolutionNode = FALSE
	EndGlobalSection
	GlobalSection(ExtensibilityGlobals) = postSolution
		SolutionGuid = {E4E5E992-0CA4-48AF-BCED-C417EBE58BF1}
	EndGlobalSection
EndGlobal
