
Microsoft Visual Studio Solution File, Format Version 12.00
# Visual Studio Version 17
VisualStudioVersion = 17.2.32630.192
MinimumVisualStudioVersion = 10.0.40219.1
Project("{FAE04EC0-301F-11D3-BF4B-00C04F79EFBC}") = "Derrick_HelloWorld", "Derrick_HelloWorld.csproj", "{4FD278D9-95AE-407B-884F-D453D8FE4B88}"
EndProject
Global
	GlobalSection(SolutionConfigurationPlatforms) = preSolution
		Debug|Any CPU = Debug|Any CPU
		Release|Any CPU = Release|Any CPU
	EndGlobalSection
	GlobalSection(ProjectConfigurationPlatforms) = postSolution
		{4FD278D9-95AE-407B-884F-D453D8FE4B88}.Debug|Any CPU.ActiveCfg = Debug|Any CPU
		{4FD278D9-95AE-407B-884F-D453D8FE4B88}.Debug|Any CPU.Build.0 = Debug|Any CPU
		{4FD278D9-95AE-407B-884F-D453D8FE4B88}.Release|Any CPU.ActiveCfg = Release|Any CPU
		{4FD278D9-95AE-407B-884F-D453D8FE4B88}.Release|Any CPU.Build.0 = Release|Any CPU
	EndGlobalSection
	GlobalSection(SolutionProperties) = preSolution
		HideSolutionNode = FALSE
	EndGlobalSection
	GlobalSection(ExtensibilityGlobals) = postSolution
		SolutionGuid = {480C2F30-75AF-4A76-BD78-2BD3BA3D715E}
	EndGlobalSection
EndGlobal
