
Microsoft Visual Studio Solution File, Format Version 12.00
# Visual Studio Version 17
VisualStudioVersion = 17.4.33122.133
MinimumVisualStudioVersion = 10.0.40219.1
Project("{FAE04EC0-301F-11D3-BF4B-00C04F79EFBC}") = "GuessingGame", "GuessingGame.csproj", "{E5EC3575-C1A4-47DC-A74D-D88B18CE700A}"
EndProject
Global
	GlobalSection(SolutionConfigurationPlatforms) = preSolution
		Debug|Any CPU = Debug|Any CPU
		Release|Any CPU = Release|Any CPU
	EndGlobalSection
	GlobalSection(ProjectConfigurationPlatforms) = postSolution
		{E5EC3575-C1A4-47DC-A74D-D88B18CE700A}.Debug|Any CPU.ActiveCfg = Debug|Any CPU
		{E5EC3575-C1A4-47DC-A74D-D88B18CE700A}.Debug|Any CPU.Build.0 = Debug|Any CPU
		{E5EC3575-C1A4-47DC-A74D-D88B18CE700A}.Release|Any CPU.ActiveCfg = Release|Any CPU
		{E5EC3575-C1A4-47DC-A74D-D88B18CE700A}.Release|Any CPU.Build.0 = Release|Any CPU
	EndGlobalSection
	GlobalSection(SolutionProperties) = preSolution
		HideSolutionNode = FALSE
	EndGlobalSection
	GlobalSection(ExtensibilityGlobals) = postSolution
		SolutionGuid = {9F684813-8ABA-43C3-83A3-2BAABBA6B108}
	EndGlobalSection
EndGlobal
