
Microsoft Visual Studio Solution File, Format Version 12.00
# Visual Studio Version 17
VisualStudioVersion = 17.2.32630.192
MinimumVisualStudioVersion = 10.0.40219.1
Project("{FAE04EC0-301F-11D3-BF4B-00C04F79EFBC}") = "PE8-8", "PE8-8.csproj", "{4F172B90-886E-41C8-AA1C-9C3F4620FF46}"
EndProject
Global
	GlobalSection(SolutionConfigurationPlatforms) = preSolution
		Debug|Any CPU = Debug|Any CPU
		Release|Any CPU = Release|Any CPU
	EndGlobalSection
	GlobalSection(ProjectConfigurationPlatforms) = postSolution
		{4F172B90-886E-41C8-AA1C-9C3F4620FF46}.Debug|Any CPU.ActiveCfg = Debug|Any CPU
		{4F172B90-886E-41C8-AA1C-9C3F4620FF46}.Debug|Any CPU.Build.0 = Debug|Any CPU
		{4F172B90-886E-41C8-AA1C-9C3F4620FF46}.Release|Any CPU.ActiveCfg = Release|Any CPU
		{4F172B90-886E-41C8-AA1C-9C3F4620FF46}.Release|Any CPU.Build.0 = Release|Any CPU
	EndGlobalSection
	GlobalSection(SolutionProperties) = preSolution
		HideSolutionNode = FALSE
	EndGlobalSection
	GlobalSection(ExtensibilityGlobals) = postSolution
		SolutionGuid = {DB60D454-477D-485E-8CAB-34384789F1DF}
	EndGlobalSection
EndGlobal
