
Microsoft Visual Studio Solution File, Format Version 12.00
# Visual Studio Version 17
VisualStudioVersion = 17.2.32630.192
MinimumVisualStudioVersion = 10.0.40219.1
Project("{FAE04EC0-301F-11D3-BF4B-00C04F79EFBC}") = "Derrick_PE3", "Derrick_PE3.csproj", "{D75CFA08-B9E0-41E8-8C34-58828F3DBD0E}"
EndProject
Global
	GlobalSection(SolutionConfigurationPlatforms) = preSolution
		Debug|Any CPU = Debug|Any CPU
		Release|Any CPU = Release|Any CPU
	EndGlobalSection
	GlobalSection(ProjectConfigurationPlatforms) = postSolution
		{D75CFA08-B9E0-41E8-8C34-58828F3DBD0E}.Debug|Any CPU.ActiveCfg = Debug|Any CPU
		{D75CFA08-B9E0-41E8-8C34-58828F3DBD0E}.Debug|Any CPU.Build.0 = Debug|Any CPU
		{D75CFA08-B9E0-41E8-8C34-58828F3DBD0E}.Release|Any CPU.ActiveCfg = Release|Any CPU
		{D75CFA08-B9E0-41E8-8C34-58828F3DBD0E}.Release|Any CPU.Build.0 = Release|Any CPU
	EndGlobalSection
	GlobalSection(SolutionProperties) = preSolution
		HideSolutionNode = FALSE
	EndGlobalSection
	GlobalSection(ExtensibilityGlobals) = postSolution
		SolutionGuid = {30BB77BC-5354-452A-84EB-6CB59F92EF60}
	EndGlobalSection
EndGlobal
