
Microsoft Visual Studio Solution File, Format Version 12.00
# Visual Studio Version 17
VisualStudioVersion = 17.2.32630.192
MinimumVisualStudioVersion = 10.0.40219.1
Project("{FAE04EC0-301F-11D3-BF4B-00C04F79EFBC}") = "SquashTheBugs", "SquashTheBugs.csproj", "{C196172B-ECE8-4489-AF2A-14A9B8177100}"
EndProject
Global
	GlobalSection(SolutionConfigurationPlatforms) = preSolution
		Debug|Any CPU = Debug|Any CPU
		Release|Any CPU = Release|Any CPU
	EndGlobalSection
	GlobalSection(ProjectConfigurationPlatforms) = postSolution
		{C196172B-ECE8-4489-AF2A-14A9B8177100}.Debug|Any CPU.ActiveCfg = Debug|Any CPU
		{C196172B-ECE8-4489-AF2A-14A9B8177100}.Debug|Any CPU.Build.0 = Debug|Any CPU
		{C196172B-ECE8-4489-AF2A-14A9B8177100}.Release|Any CPU.ActiveCfg = Release|Any CPU
		{C196172B-ECE8-4489-AF2A-14A9B8177100}.Release|Any CPU.Build.0 = Release|Any CPU
	EndGlobalSection
	GlobalSection(SolutionProperties) = preSolution
		HideSolutionNode = FALSE
	EndGlobalSection
	GlobalSection(ExtensibilityGlobals) = postSolution
		SolutionGuid = {6F8E377A-8B07-446E-AFAB-820239415E2C}
	EndGlobalSection
EndGlobal
