
Microsoft Visual Studio Solution File, Format Version 12.00
# Visual Studio Version 17
VisualStudioVersion = 17.4.33122.133
MinimumVisualStudioVersion = 10.0.40219.1
Project("{FAE04EC0-301F-11D3-BF4B-00C04F79EFBC}") = "FinalQ4", "FinalQ4.csproj", "{CFD4B276-7827-48F6-A6D5-70822B09E3BD}"
EndProject
Global
	GlobalSection(SolutionConfigurationPlatforms) = preSolution
		Debug|Any CPU = Debug|Any CPU
		Release|Any CPU = Release|Any CPU
	EndGlobalSection
	GlobalSection(ProjectConfigurationPlatforms) = postSolution
		{CFD4B276-7827-48F6-A6D5-70822B09E3BD}.Debug|Any CPU.ActiveCfg = Debug|Any CPU
		{CFD4B276-7827-48F6-A6D5-70822B09E3BD}.Debug|Any CPU.Build.0 = Debug|Any CPU
		{CFD4B276-7827-48F6-A6D5-70822B09E3BD}.Release|Any CPU.ActiveCfg = Release|Any CPU
		{CFD4B276-7827-48F6-A6D5-70822B09E3BD}.Release|Any CPU.Build.0 = Release|Any CPU
	EndGlobalSection
	GlobalSection(SolutionProperties) = preSolution
		HideSolutionNode = FALSE
	EndGlobalSection
	GlobalSection(ExtensibilityGlobals) = postSolution
		SolutionGuid = {2BEC1F35-9218-4F82-9734-B2464836730C}
	EndGlobalSection
EndGlobal
